// !$*UTF8*$!
{
	archiveVersion = 1;
	classes = {
	};
	objectVersion = 46;
	objects = {

/* Begin PBXBuildFile section */
		A829B78D1528B74900EB2F8B /* UIKit.framework in Frameworks */ = {isa = PBXBuildFile; fileRef = A829B78C1528B74900EB2F8B /* UIKit.framework */; };
		A829B78F1528B74900EB2F8B /* Foundation.framework in Frameworks */ = {isa = PBXBuildFile; fileRef = A829B78E1528B74900EB2F8B /* Foundation.framework */; };
		A829B7911528B74900EB2F8B /* CoreGraphics.framework in Frameworks */ = {isa = PBXBuildFile; fileRef = A829B7901528B74900EB2F8B /* CoreGraphics.framework */; };
		A829B7971528B74900EB2F8B /* InfoPlist.strings in Resources */ = {isa = PBXBuildFile; fileRef = A829B7951528B74900EB2F8B /* InfoPlist.strings */; };
		A829B7991528B74900EB2F8B /* main.m in Sources */ = {isa = PBXBuildFile; fileRef = A829B7981528B74900EB2F8B /* main.m */; };
		A829B79D1528B74900EB2F8B /* AppDelegate.m in Sources */ = {isa = PBXBuildFile; fileRef = A829B79C1528B74900EB2F8B /* AppDelegate.m */; };
		A829B7A01528B74900EB2F8B /* MainStoryboard_iPhone.storyboard in Resources */ = {isa = PBXBuildFile; fileRef = A829B79E1528B74900EB2F8B /* MainStoryboard_iPhone.storyboard */; };
		A829B7A31528B74900EB2F8B /* MainStoryboard_iPad.storyboard in Resources */ = {isa = PBXBuildFile; fileRef = A829B7A11528B74900EB2F8B /* MainStoryboard_iPad.storyboard */; };
		A829B7A61528B74900EB2F8B /* TNEFContentViewController.m in Sources */ = {isa = PBXBuildFile; fileRef = A829B7A51528B74900EB2F8B /* TNEFContentViewController.m */; };
		A829B7B01528B93300EB2F8B /* winmail.dat in Resources */ = {isa = PBXBuildFile; fileRef = A829B7AF1528B92200EB2F8B /* winmail.dat */; };
		A829B9AF1528BF1200EB2F8B /* alloc.c in Sources */ = {isa = PBXBuildFile; fileRef = A829B9851528BF1200EB2F8B /* alloc.c */; };
		A829B9B01528BF1200EB2F8B /* attr.c in Sources */ = {isa = PBXBuildFile; fileRef = A829B9871528BF1200EB2F8B /* attr.c */; };
		A829B9B11528BF1200EB2F8B /* date.c in Sources */ = {isa = PBXBuildFile; fileRef = A829B98B1528BF1200EB2F8B /* date.c */; };
		A829B9B21528BF1200EB2F8B /* debug.c in Sources */ = {isa = PBXBuildFile; fileRef = A829B98D1528BF1200EB2F8B /* debug.c */; };
		A829B9B31528BF1200EB2F8B /* file.c in Sources */ = {isa = PBXBuildFile; fileRef = A829B98F1528BF1200EB2F8B /* file.c */; };
		A829B9B41528BF1200EB2F8B /* mapi_attr.c in Sources */ = {isa = PBXBuildFile; fileRef = A829B9911528BF1200EB2F8B /* mapi_attr.c */; };
		A829B9B51528BF1200EB2F8B /* mapi_names.c in Sources */ = {isa = PBXBuildFile; fileRef = A829B9931528BF1200EB2F8B /* mapi_names.c */; };
		A829B9B61528BF1200EB2F8B /* mapi_types.c in Sources */ = {isa = PBXBuildFile; fileRef = A829B9951528BF1200EB2F8B /* mapi_types.c */; };
		A829B9B71528BF1200EB2F8B /* options.c in Sources */ = {isa = PBXBuildFile; fileRef = A829B9971528BF1200EB2F8B /* options.c */; };
		A829B9B81528BF1200EB2F8B /* path.c in Sources */ = {isa = PBXBuildFile; fileRef = A829B9991528BF1200EB2F8B /* path.c */; };
		A829B9B91528BF1200EB2F8B /* basename.c in Sources */ = {isa = PBXBuildFile; fileRef = A829B99C1528BF1200EB2F8B /* basename.c */; };
		A829B9BA1528BF1200EB2F8B /* dummy.c in Sources */ = {isa = PBXBuildFile; fileRef = A829B99D1528BF1200EB2F8B /* dummy.c */; };
		A829B9BB1528BF1200EB2F8B /* getopt_long.c in Sources */ = {isa = PBXBuildFile; fileRef = A829B99E1528BF1200EB2F8B /* getopt_long.c */; };
		A829B9BC1528BF1200EB2F8B /* malloc.c in Sources */ = {isa = PBXBuildFile; fileRef = A829B9A01528BF1200EB2F8B /* malloc.c */; };
		A829B9BD1528BF1200EB2F8B /* strdup.c in Sources */ = {isa = PBXBuildFile; fileRef = A829B9A11528BF1200EB2F8B /* strdup.c */; };
		A829B9BE1528BF1200EB2F8B /* rtf.c in Sources */ = {isa = PBXBuildFile; fileRef = A829B9A21528BF1200EB2F8B /* rtf.c */; };
		A829B9BF1528BF1200EB2F8B /* tnef.c in Sources */ = {isa = PBXBuildFile; fileRef = A829B9A41528BF1200EB2F8B /* tnef.c */; };
		A829B9C01528BF1200EB2F8B /* tnef_names.c in Sources */ = {isa = PBXBuildFile; fileRef = A829B9A61528BF1200EB2F8B /* tnef_names.c */; };
		A829B9C11528BF1200EB2F8B /* tnef_types.c in Sources */ = {isa = PBXBuildFile; fileRef = A829B9A81528BF1200EB2F8B /* tnef_types.c */; };
		A829B9C21528BF1200EB2F8B /* util.c in Sources */ = {isa = PBXBuildFile; fileRef = A829B9AA1528BF1200EB2F8B /* util.c */; };
		A829B9C31528BF1200EB2F8B /* write.c in Sources */ = {isa = PBXBuildFile; fileRef = A829B9AC1528BF1200EB2F8B /* write.c */; };
		A829B9C41528BF1200EB2F8B /* xstrdup.c in Sources */ = {isa = PBXBuildFile; fileRef = A829B9AE1528BF1200EB2F8B /* xstrdup.c */; };
		A829B9CB1528F1D800EB2F8B /* FileListCell.m in Sources */ = {isa = PBXBuildFile; fileRef = A829B9CA1528F1D800EB2F8B /* FileListCell.m */; };
		A867EE591530A83B00054168 /* QuickLook.framework in Frameworks */ = {isa = PBXBuildFile; fileRef = A867EE581530A83B00054168 /* QuickLook.framework */; };
		A867EE6315319C7600054168 /* 59-info.png in Resources */ = {isa = PBXBuildFile; fileRef = A867EE6115319C7600054168 /* 59-info.png */; };
		A867EE6415319C7600054168 /* 59-info@2x.png in Resources */ = {isa = PBXBuildFile; fileRef = A867EE6215319C7600054168 /* 59-info@2x.png */; };
		A867EE6B15319ECA00054168 /* AboutDialogViewController.m in Sources */ = {isa = PBXBuildFile; fileRef = A867EE6A15319ECA00054168 /* AboutDialogViewController.m */; };
		A867EE6E1531A32100054168 /* about.html in Resources */ = {isa = PBXBuildFile; fileRef = A867EE6D1531A32100054168 /* about.html */; };
/* End PBXBuildFile section */

/* Begin PBXFileReference section */
		A829B7881528B74900EB2F8B /* TNEF Reader.app */ = {isa = PBXFileReference; explicitFileType = wrapper.application; includeInIndex = 0; path = "TNEF Reader.app"; sourceTree = BUILT_PRODUCTS_DIR; };
		A829B78C1528B74900EB2F8B /* UIKit.framework */ = {isa = PBXFileReference; lastKnownFileType = wrapper.framework; name = UIKit.framework; path = System/Library/Frameworks/UIKit.framework; sourceTree = SDKROOT; };
		A829B78E1528B74900EB2F8B /* Foundation.framework */ = {isa = PBXFileReference; lastKnownFileType = wrapper.framework; name = Foundation.framework; path = System/Library/Frameworks/Foundation.framework; sourceTree = SDKROOT; };
		A829B7901528B74900EB2F8B /* CoreGraphics.framework */ = {isa = PBXFileReference; lastKnownFileType = wrapper.framework; name = CoreGraphics.framework; path = System/Library/Frameworks/CoreGraphics.framework; sourceTree = SDKROOT; };
		A829B7941528B74900EB2F8B /* TNEF Reader-Info.plist */ = {isa = PBXFileReference; lastKnownFileType = text.plist.xml; path = "TNEF Reader-Info.plist"; sourceTree = "<group>"; };
		A829B7961528B74900EB2F8B /* en */ = {isa = PBXFileReference; lastKnownFileType = text.plist.strings; name = en; path = en.lproj/InfoPlist.strings; sourceTree = "<group>"; };
		A829B7981528B74900EB2F8B /* main.m */ = {isa = PBXFileReference; lastKnownFileType = sourcecode.c.objc; path = main.m; sourceTree = "<group>"; };
		A829B79A1528B74900EB2F8B /* TNEF Reader-Prefix.pch */ = {isa = PBXFileReference; lastKnownFileType = sourcecode.c.h; path = "TNEF Reader-Prefix.pch"; sourceTree = "<group>"; };
		A829B79B1528B74900EB2F8B /* AppDelegate.h */ = {isa = PBXFileReference; lastKnownFileType = sourcecode.c.h; path = AppDelegate.h; sourceTree = "<group>"; };
		A829B79C1528B74900EB2F8B /* AppDelegate.m */ = {isa = PBXFileReference; lastKnownFileType = sourcecode.c.objc; path = AppDelegate.m; sourceTree = "<group>"; };
		A829B79F1528B74900EB2F8B /* en */ = {isa = PBXFileReference; lastKnownFileType = file.storyboard; name = en; path = en.lproj/MainStoryboard_iPhone.storyboard; sourceTree = "<group>"; };
		A829B7A21528B74900EB2F8B /* en */ = {isa = PBXFileReference; lastKnownFileType = file.storyboard; name = en; path = en.lproj/MainStoryboard_iPad.storyboard; sourceTree = "<group>"; };
		A829B7A41528B74900EB2F8B /* TNEFContentViewController.h */ = {isa = PBXFileReference; lastKnownFileType = sourcecode.c.h; path = TNEFContentViewController.h; sourceTree = "<group>"; };
		A829B7A51528B74900EB2F8B /* TNEFContentViewController.m */ = {isa = PBXFileReference; lastKnownFileType = sourcecode.c.objc; path = TNEFContentViewController.m; sourceTree = "<group>"; };
		A829B7AF1528B92200EB2F8B /* winmail.dat */ = {isa = PBXFileReference; lastKnownFileType = file; path = winmail.dat; sourceTree = "<group>"; };
		A829B9851528BF1200EB2F8B /* alloc.c */ = {isa = PBXFileReference; fileEncoding = 4; lastKnownFileType = sourcecode.c.c; path = alloc.c; sourceTree = "<group>"; };
		A829B9861528BF1200EB2F8B /* alloc.h */ = {isa = PBXFileReference; fileEncoding = 4; lastKnownFileType = sourcecode.c.h; path = alloc.h; sourceTree = "<group>"; };
		A829B9871528BF1200EB2F8B /* attr.c */ = {isa = PBXFileReference; fileEncoding = 4; lastKnownFileType = sourcecode.c.c; path = attr.c; sourceTree = "<group>"; };
		A829B9881528BF1200EB2F8B /* attr.h */ = {isa = PBXFileReference; fileEncoding = 4; lastKnownFileType = sourcecode.c.h; path = attr.h; sourceTree = "<group>"; };
		A829B9891528BF1200EB2F8B /* common.h */ = {isa = PBXFileReference; fileEncoding = 4; lastKnownFileType = sourcecode.c.h; path = common.h; sourceTree = "<group>"; };
		A829B98A1528BF1200EB2F8B /* config.h */ = {isa = PBXFileReference; fileEncoding = 4; lastKnownFileType = sourcecode.c.h; path = config.h; sourceTree = "<group>"; };
		A829B98B1528BF1200EB2F8B /* date.c */ = {isa = PBXFileReference; fileEncoding = 4; lastKnownFileType = sourcecode.c.c; path = date.c; sourceTree = "<group>"; };
		A829B98C1528BF1200EB2F8B /* date.h */ = {isa = PBXFileReference; fileEncoding = 4; lastKnownFileType = sourcecode.c.h; path = date.h; sourceTree = "<group>"; };
		A829B98D1528BF1200EB2F8B /* debug.c */ = {isa = PBXFileReference; fileEncoding = 4; lastKnownFileType = sourcecode.c.c; path = debug.c; sourceTree = "<group>"; };
		A829B98E1528BF1200EB2F8B /* debug.h */ = {isa = PBXFileReference; fileEncoding = 4; lastKnownFileType = sourcecode.c.h; path = debug.h; sourceTree = "<group>"; };
		A829B98F1528BF1200EB2F8B /* file.c */ = {isa = PBXFileReference; fileEncoding = 4; lastKnownFileType = sourcecode.c.c; path = file.c; sourceTree = "<group>"; };
		A829B9901528BF1200EB2F8B /* file.h */ = {isa = PBXFileReference; fileEncoding = 4; lastKnownFileType = sourcecode.c.h; path = file.h; sourceTree = "<group>"; };
		A829B9911528BF1200EB2F8B /* mapi_attr.c */ = {isa = PBXFileReference; fileEncoding = 4; lastKnownFileType = sourcecode.c.c; path = mapi_attr.c; sourceTree = "<group>"; };
		A829B9921528BF1200EB2F8B /* mapi_attr.h */ = {isa = PBXFileReference; fileEncoding = 4; lastKnownFileType = sourcecode.c.h; path = mapi_attr.h; sourceTree = "<group>"; };
		A829B9931528BF1200EB2F8B /* mapi_names.c */ = {isa = PBXFileReference; fileEncoding = 4; lastKnownFileType = sourcecode.c.c; path = mapi_names.c; sourceTree = "<group>"; };
		A829B9941528BF1200EB2F8B /* mapi_names.h */ = {isa = PBXFileReference; fileEncoding = 4; lastKnownFileType = sourcecode.c.h; path = mapi_names.h; sourceTree = "<group>"; };
		A829B9951528BF1200EB2F8B /* mapi_types.c */ = {isa = PBXFileReference; fileEncoding = 4; lastKnownFileType = sourcecode.c.c; path = mapi_types.c; sourceTree = "<group>"; };
		A829B9961528BF1200EB2F8B /* mapi_types.h */ = {isa = PBXFileReference; fileEncoding = 4; lastKnownFileType = sourcecode.c.h; path = mapi_types.h; sourceTree = "<group>"; };
		A829B9971528BF1200EB2F8B /* options.c */ = {isa = PBXFileReference; fileEncoding = 4; lastKnownFileType = sourcecode.c.c; path = options.c; sourceTree = "<group>"; };
		A829B9981528BF1200EB2F8B /* options.h */ = {isa = PBXFileReference; fileEncoding = 4; lastKnownFileType = sourcecode.c.h; path = options.h; sourceTree = "<group>"; };
		A829B9991528BF1200EB2F8B /* path.c */ = {isa = PBXFileReference; fileEncoding = 4; lastKnownFileType = sourcecode.c.c; path = path.c; sourceTree = "<group>"; };
		A829B99A1528BF1200EB2F8B /* path.h */ = {isa = PBXFileReference; fileEncoding = 4; lastKnownFileType = sourcecode.c.h; path = path.h; sourceTree = "<group>"; };
		A829B99C1528BF1200EB2F8B /* basename.c */ = {isa = PBXFileReference; fileEncoding = 4; lastKnownFileType = sourcecode.c.c; path = basename.c; sourceTree = "<group>"; };
		A829B99D1528BF1200EB2F8B /* dummy.c */ = {isa = PBXFileReference; fileEncoding = 4; lastKnownFileType = sourcecode.c.c; path = dummy.c; sourceTree = "<group>"; };
		A829B99E1528BF1200EB2F8B /* getopt_long.c */ = {isa = PBXFileReference; fileEncoding = 4; lastKnownFileType = sourcecode.c.c; path = getopt_long.c; sourceTree = "<group>"; };
		A829B99F1528BF1200EB2F8B /* getopt_long.h */ = {isa = PBXFileReference; fileEncoding = 4; lastKnownFileType = sourcecode.c.h; path = getopt_long.h; sourceTree = "<group>"; };
		A829B9A01528BF1200EB2F8B /* malloc.c */ = {isa = PBXFileReference; fileEncoding = 4; lastKnownFileType = sourcecode.c.c; path = malloc.c; sourceTree = "<group>"; };
		A829B9A11528BF1200EB2F8B /* strdup.c */ = {isa = PBXFileReference; fileEncoding = 4; lastKnownFileType = sourcecode.c.c; path = strdup.c; sourceTree = "<group>"; };
		A829B9A21528BF1200EB2F8B /* rtf.c */ = {isa = PBXFileReference; fileEncoding = 4; lastKnownFileType = sourcecode.c.c; path = rtf.c; sourceTree = "<group>"; };
		A829B9A31528BF1200EB2F8B /* rtf.h */ = {isa = PBXFileReference; fileEncoding = 4; lastKnownFileType = sourcecode.c.h; path = rtf.h; sourceTree = "<group>"; };
		A829B9A41528BF1200EB2F8B /* tnef.c */ = {isa = PBXFileReference; fileEncoding = 4; lastKnownFileType = sourcecode.c.c; path = tnef.c; sourceTree = "<group>"; };
		A829B9A51528BF1200EB2F8B /* tnef.h */ = {isa = PBXFileReference; fileEncoding = 4; lastKnownFileType = sourcecode.c.h; path = tnef.h; sourceTree = "<group>"; };
		A829B9A61528BF1200EB2F8B /* tnef_names.c */ = {isa = PBXFileReference; fileEncoding = 4; lastKnownFileType = sourcecode.c.c; path = tnef_names.c; sourceTree = "<group>"; };
		A829B9A71528BF1200EB2F8B /* tnef_names.h */ = {isa = PBXFileReference; fileEncoding = 4; lastKnownFileType = sourcecode.c.h; path = tnef_names.h; sourceTree = "<group>"; };
		A829B9A81528BF1200EB2F8B /* tnef_types.c */ = {isa = PBXFileReference; fileEncoding = 4; lastKnownFileType = sourcecode.c.c; path = tnef_types.c; sourceTree = "<group>"; };
		A829B9A91528BF1200EB2F8B /* tnef_types.h */ = {isa = PBXFileReference; fileEncoding = 4; lastKnownFileType = sourcecode.c.h; path = tnef_types.h; sourceTree = "<group>"; };
		A829B9AA1528BF1200EB2F8B /* util.c */ = {isa = PBXFileReference; fileEncoding = 4; lastKnownFileType = sourcecode.c.c; path = util.c; sourceTree = "<group>"; };
		A829B9AB1528BF1200EB2F8B /* util.h */ = {isa = PBXFileReference; fileEncoding = 4; lastKnownFileType = sourcecode.c.h; path = util.h; sourceTree = "<group>"; };
		A829B9AC1528BF1200EB2F8B /* write.c */ = {isa = PBXFileReference; fileEncoding = 4; lastKnownFileType = sourcecode.c.c; path = write.c; sourceTree = "<group>"; };
		A829B9AD1528BF1200EB2F8B /* write.h */ = {isa = PBXFileReference; fileEncoding = 4; lastKnownFileType = sourcecode.c.h; path = write.h; sourceTree = "<group>"; };
		A829B9AE1528BF1200EB2F8B /* xstrdup.c */ = {isa = PBXFileReference; fileEncoding = 4; lastKnownFileType = sourcecode.c.c; path = xstrdup.c; sourceTree = "<group>"; };
		A829B9C91528F1D800EB2F8B /* FileListCell.h */ = {isa = PBXFileReference; fileEncoding = 4; lastKnownFileType = sourcecode.c.h; path = FileListCell.h; sourceTree = "<group>"; };
		A829B9CA1528F1D800EB2F8B /* FileListCell.m */ = {isa = PBXFileReference; fileEncoding = 4; lastKnownFileType = sourcecode.c.objc; path = FileListCell.m; sourceTree = "<group>"; };
		A867EE581530A83B00054168 /* QuickLook.framework */ = {isa = PBXFileReference; lastKnownFileType = wrapper.framework; name = QuickLook.framework; path = System/Library/Frameworks/QuickLook.framework; sourceTree = SDKROOT; };
		A867EE6115319C7600054168 /* 59-info.png */ = {isa = PBXFileReference; lastKnownFileType = image.png; path = "59-info.png"; sourceTree = "<group>"; };
		A867EE6215319C7600054168 /* 59-info@2x.png */ = {isa = PBXFileReference; lastKnownFileType = image.png; path = "59-info@2x.png"; sourceTree = "<group>"; };
		A867EE6915319ECA00054168 /* AboutDialogViewController.h */ = {isa = PBXFileReference; fileEncoding = 4; lastKnownFileType = sourcecode.c.h; path = AboutDialogViewController.h; sourceTree = "<group>"; };
		A867EE6A15319ECA00054168 /* AboutDialogViewController.m */ = {isa = PBXFileReference; fileEncoding = 4; lastKnownFileType = sourcecode.c.objc; path = AboutDialogViewController.m; sourceTree = "<group>"; };
		A867EE6D1531A32100054168 /* about.html */ = {isa = PBXFileReference; fileEncoding = 4; lastKnownFileType = text.html; path = about.html; sourceTree = "<group>"; };
		A867EE891532409900054168 /* de */ = {isa = PBXFileReference; lastKnownFileType = file.storyboard; name = de; path = de.lproj/MainStoryboard_iPhone.storyboard; sourceTree = "<group>"; };
/* End PBXFileReference section */

/* Begin PBXFrameworksBuildPhase section */
		A829B7851528B74900EB2F8B /* Frameworks */ = {
			isa = PBXFrameworksBuildPhase;
			buildActionMask = 2147483647;
			files = (
				A867EE591530A83B00054168 /* QuickLook.framework in Frameworks */,
				A829B78D1528B74900EB2F8B /* UIKit.framework in Frameworks */,
				A829B78F1528B74900EB2F8B /* Foundation.framework in Frameworks */,
				A829B7911528B74900EB2F8B /* CoreGraphics.framework in Frameworks */,
			);
			runOnlyForDeploymentPostprocessing = 0;
		};
/* End PBXFrameworksBuildPhase section */

/* Begin PBXGroup section */
		A829B77D1528B74800EB2F8B = {
			isa = PBXGroup;
			children = (
				A867EE581530A83B00054168 /* QuickLook.framework */,
				A829B7921528B74900EB2F8B /* TNEF Reader */,
				A829B78B1528B74900EB2F8B /* Frameworks */,
				A829B7891528B74900EB2F8B /* Products */,
			);
			sourceTree = "<group>";
		};
		A829B7891528B74900EB2F8B /* Products */ = {
			isa = PBXGroup;
			children = (
				A829B7881528B74900EB2F8B /* TNEF Reader.app */,
			);
			name = Products;
			sourceTree = "<group>";
		};
		A829B78B1528B74900EB2F8B /* Frameworks */ = {
			isa = PBXGroup;
			children = (
				A829B78C1528B74900EB2F8B /* UIKit.framework */,
				A829B78E1528B74900EB2F8B /* Foundation.framework */,
				A829B7901528B74900EB2F8B /* CoreGraphics.framework */,
			);
			name = Frameworks;
			sourceTree = "<group>";
		};
		A829B7921528B74900EB2F8B /* TNEF Reader */ = {
			isa = PBXGroup;
			children = (
				A829B9831528BF1200EB2F8B /* tnef */,
				A867EE6915319ECA00054168 /* AboutDialogViewController.h */,
				A867EE6A15319ECA00054168 /* AboutDialogViewController.m */,
				A829B79B1528B74900EB2F8B /* AppDelegate.h */,
				A829B79C1528B74900EB2F8B /* AppDelegate.m */,
				A829B79E1528B74900EB2F8B /* MainStoryboard_iPhone.storyboard */,
				A829B9C91528F1D800EB2F8B /* FileListCell.h */,
				A829B9CA1528F1D800EB2F8B /* FileListCell.m */,
				A829B7A11528B74900EB2F8B /* MainStoryboard_iPad.storyboard */,
				A829B7A41528B74900EB2F8B /* TNEFContentViewController.h */,
				A829B7A51528B74900EB2F8B /* TNEFContentViewController.m */,
				A829B7931528B74900EB2F8B /* Supporting Files */,
			);
			path = "TNEF Reader";
			sourceTree = "<group>";
		};
		A829B7931528B74900EB2F8B /* Supporting Files */ = {
			isa = PBXGroup;
			children = (
				A867EE8A1532416E00054168 /* Resources */,
				A867EE5F15319C6100054168 /* icons */,
				A829B7941528B74900EB2F8B /* TNEF Reader-Info.plist */,
				A829B7951528B74900EB2F8B /* InfoPlist.strings */,
				A829B7981528B74900EB2F8B /* main.m */,
				A829B79A1528B74900EB2F8B /* TNEF Reader-Prefix.pch */,
			);
			name = "Supporting Files";
			sourceTree = "<group>";
		};
		A829B9831528BF1200EB2F8B /* tnef */ = {
			isa = PBXGroup;
			children = (
				A829B9841528BF1200EB2F8B /* src */,
			);
			path = tnef;
			sourceTree = "<group>";
		};
		A829B9841528BF1200EB2F8B /* src */ = {
			isa = PBXGroup;
			children = (
				A829B9851528BF1200EB2F8B /* alloc.c */,
				A829B9861528BF1200EB2F8B /* alloc.h */,
				A829B9871528BF1200EB2F8B /* attr.c */,
				A829B9881528BF1200EB2F8B /* attr.h */,
				A829B9891528BF1200EB2F8B /* common.h */,
				A829B98A1528BF1200EB2F8B /* config.h */,
				A829B98B1528BF1200EB2F8B /* date.c */,
				A829B98C1528BF1200EB2F8B /* date.h */,
				A829B98D1528BF1200EB2F8B /* debug.c */,
				A829B98E1528BF1200EB2F8B /* debug.h */,
				A829B98F1528BF1200EB2F8B /* file.c */,
				A829B9901528BF1200EB2F8B /* file.h */,
				A829B9911528BF1200EB2F8B /* mapi_attr.c */,
				A829B9921528BF1200EB2F8B /* mapi_attr.h */,
				A829B9931528BF1200EB2F8B /* mapi_names.c */,
				A829B9941528BF1200EB2F8B /* mapi_names.h */,
				A829B9951528BF1200EB2F8B /* mapi_types.c */,
				A829B9961528BF1200EB2F8B /* mapi_types.h */,
				A829B9971528BF1200EB2F8B /* options.c */,
				A829B9981528BF1200EB2F8B /* options.h */,
				A829B9991528BF1200EB2F8B /* path.c */,
				A829B99A1528BF1200EB2F8B /* path.h */,
				A829B99B1528BF1200EB2F8B /* replace */,
				A829B9A21528BF1200EB2F8B /* rtf.c */,
				A829B9A31528BF1200EB2F8B /* rtf.h */,
				A829B9A41528BF1200EB2F8B /* tnef.c */,
				A829B9A51528BF1200EB2F8B /* tnef.h */,
				A829B9A61528BF1200EB2F8B /* tnef_names.c */,
				A829B9A71528BF1200EB2F8B /* tnef_names.h */,
				A829B9A81528BF1200EB2F8B /* tnef_types.c */,
				A829B9A91528BF1200EB2F8B /* tnef_types.h */,
				A829B9AA1528BF1200EB2F8B /* util.c */,
				A829B9AB1528BF1200EB2F8B /* util.h */,
				A829B9AC1528BF1200EB2F8B /* write.c */,
				A829B9AD1528BF1200EB2F8B /* write.h */,
				A829B9AE1528BF1200EB2F8B /* xstrdup.c */,
			);
			path = src;
			sourceTree = "<group>";
		};
		A829B99B1528BF1200EB2F8B /* replace */ = {
			isa = PBXGroup;
			children = (
				A829B99C1528BF1200EB2F8B /* basename.c */,
				A829B99D1528BF1200EB2F8B /* dummy.c */,
				A829B99E1528BF1200EB2F8B /* getopt_long.c */,
				A829B99F1528BF1200EB2F8B /* getopt_long.h */,
				A829B9A01528BF1200EB2F8B /* malloc.c */,
				A829B9A11528BF1200EB2F8B /* strdup.c */,
			);
			path = replace;
			sourceTree = "<group>";
		};
		A867EE5F15319C6100054168 /* icons */ = {
			isa = PBXGroup;
			children = (
				A867EE6115319C7600054168 /* 59-info.png */,
				A867EE6215319C7600054168 /* 59-info@2x.png */,
			);
			name = icons;
			sourceTree = "<group>";
		};
		A867EE8A1532416E00054168 /* Resources */ = {
			isa = PBXGroup;
			children = (
				A867EE6D1531A32100054168 /* about.html */,
				A829B7AF1528B92200EB2F8B /* winmail.dat */,
			);
			name = Resources;
			sourceTree = "<group>";
		};
/* End PBXGroup section */

/* Begin PBXNativeTarget section */
		A829B7871528B74900EB2F8B /* TNEF Reader */ = {
			isa = PBXNativeTarget;
			buildConfigurationList = A829B7AC1528B74900EB2F8B /* Build configuration list for PBXNativeTarget "TNEF Reader" */;
			buildPhases = (
				A829B7841528B74900EB2F8B /* Sources */,
				A829B7851528B74900EB2F8B /* Frameworks */,
				A829B7861528B74900EB2F8B /* Resources */,
			);
			buildRules = (
			);
			dependencies = (
			);
			name = "TNEF Reader";
			productName = "TNEF Reader";
			productReference = A829B7881528B74900EB2F8B /* TNEF Reader.app */;
			productType = "com.apple.product-type.application";
		};
/* End PBXNativeTarget section */

/* Begin PBXProject section */
		A829B77F1528B74800EB2F8B /* Project object */ = {
			isa = PBXProject;
			attributes = {
				LastUpgradeCheck = 0430;
			};
			buildConfigurationList = A829B7821528B74800EB2F8B /* Build configuration list for PBXProject "TNEF Reader" */;
			compatibilityVersion = "Xcode 3.2";
			developmentRegion = English;
			hasScannedForEncodings = 0;
			knownRegions = (
				en,
				de,
			);
			mainGroup = A829B77D1528B74800EB2F8B;
			productRefGroup = A829B7891528B74900EB2F8B /* Products */;
			projectDirPath = "";
			projectRoot = "";
			targets = (
				A829B7871528B74900EB2F8B /* TNEF Reader */,
			);
		};
/* End PBXProject section */

/* Begin PBXResourcesBuildPhase section */
		A829B7861528B74900EB2F8B /* Resources */ = {
			isa = PBXResourcesBuildPhase;
			buildActionMask = 2147483647;
			files = (
				A829B7B01528B93300EB2F8B /* winmail.dat in Resources */,
				A829B7971528B74900EB2F8B /* InfoPlist.strings in Resources */,
				A829B7A01528B74900EB2F8B /* MainStoryboard_iPhone.storyboard in Resources */,
				A829B7A31528B74900EB2F8B /* MainStoryboard_iPad.storyboard in Resources */,
				A867EE6315319C7600054168 /* 59-info.png in Resources */,
				A867EE6415319C7600054168 /* 59-info@2x.png in Resources */,
				A867EE6E1531A32100054168 /* about.html in Resources */,
			);
			runOnlyForDeploymentPostprocessing = 0;
		};
/* End PBXResourcesBuildPhase section */

/* Begin PBXSourcesBuildPhase section */
		A829B7841528B74900EB2F8B /* Sources */ = {
			isa = PBXSourcesBuildPhase;
			buildActionMask = 2147483647;
			files = (
				A829B7991528B74900EB2F8B /* main.m in Sources */,
				A829B79D1528B74900EB2F8B /* AppDelegate.m in Sources */,
				A829B7A61528B74900EB2F8B /* TNEFContentViewController.m in Sources */,
				A829B9AF1528BF1200EB2F8B /* alloc.c in Sources */,
				A829B9B01528BF1200EB2F8B /* attr.c in Sources */,
				A829B9B11528BF1200EB2F8B /* date.c in Sources */,
				A829B9B21528BF1200EB2F8B /* debug.c in Sources */,
				A829B9B31528BF1200EB2F8B /* file.c in Sources */,
				A829B9B41528BF1200EB2F8B /* mapi_attr.c in Sources */,
				A829B9B51528BF1200EB2F8B /* mapi_names.c in Sources */,
				A829B9B61528BF1200EB2F8B /* mapi_types.c in Sources */,
				A829B9B71528BF1200EB2F8B /* options.c in Sources */,
				A829B9B81528BF1200EB2F8B /* path.c in Sources */,
				A829B9B91528BF1200EB2F8B /* basename.c in Sources */,
				A829B9BA1528BF1200EB2F8B /* dummy.c in Sources */,
				A829B9BB1528BF1200EB2F8B /* getopt_long.c in Sources */,
				A829B9BC1528BF1200EB2F8B /* malloc.c in Sources */,
				A829B9BD1528BF1200EB2F8B /* strdup.c in Sources */,
				A829B9BE1528BF1200EB2F8B /* rtf.c in Sources */,
				A829B9BF1528BF1200EB2F8B /* tnef.c in Sources */,
				A829B9C01528BF1200EB2F8B /* tnef_names.c in Sources */,
				A829B9C11528BF1200EB2F8B /* tnef_types.c in Sources */,
				A829B9C21528BF1200EB2F8B /* util.c in Sources */,
				A829B9C31528BF1200EB2F8B /* write.c in Sources */,
				A829B9C41528BF1200EB2F8B /* xstrdup.c in Sources */,
				A829B9CB1528F1D800EB2F8B /* FileListCell.m in Sources */,
				A867EE6B15319ECA00054168 /* AboutDialogViewController.m in Sources */,
			);
			runOnlyForDeploymentPostprocessing = 0;
		};
/* End PBXSourcesBuildPhase section */

/* Begin PBXVariantGroup section */
		A829B7951528B74900EB2F8B /* InfoPlist.strings */ = {
			isa = PBXVariantGroup;
			children = (
				A829B7961528B74900EB2F8B /* en */,
			);
			name = InfoPlist.strings;
			sourceTree = "<group>";
		};
		A829B79E1528B74900EB2F8B /* MainStoryboard_iPhone.storyboard */ = {
			isa = PBXVariantGroup;
			children = (
				A829B79F1528B74900EB2F8B /* en */,
				A867EE891532409900054168 /* de */,
			);
			name = MainStoryboard_iPhone.storyboard;
			sourceTree = "<group>";
		};
		A829B7A11528B74900EB2F8B /* MainStoryboard_iPad.storyboard */ = {
			isa = PBXVariantGroup;
			children = (
				A829B7A21528B74900EB2F8B /* en */,
			);
			name = MainStoryboard_iPad.storyboard;
			sourceTree = "<group>";
		};
/* End PBXVariantGroup section */

/* Begin XCBuildConfiguration section */
		A829B7AA1528B74900EB2F8B /* Debug */ = {
			isa = XCBuildConfiguration;
			buildSettings = {
				ALWAYS_SEARCH_USER_PATHS = NO;
				ARCHS = "$(ARCHS_STANDARD_32_BIT)";
				CLANG_ENABLE_OBJC_ARC = YES;
				"CODE_SIGN_IDENTITY[sdk=iphoneos*]" = "iPhone Developer";
				COPY_PHASE_STRIP = NO;
				GCC_C_LANGUAGE_STANDARD = gnu99;
				GCC_DYNAMIC_NO_PIC = NO;
				GCC_OPTIMIZATION_LEVEL = 0;
				GCC_PREPROCESSOR_DEFINITIONS = (
					"DEBUG=1",
					"$(inherited)",
				);
				GCC_SYMBOLS_PRIVATE_EXTERN = NO;
				GCC_VERSION = com.apple.compilers.llvm.clang.1_0;
				GCC_WARN_ABOUT_RETURN_TYPE = YES;
				GCC_WARN_UNINITIALIZED_AUTOS = YES;
				GCC_WARN_UNUSED_VARIABLE = YES;
				IPHONEOS_DEPLOYMENT_TARGET = 5.1;
				SDKROOT = iphoneos;
				TARGETED_DEVICE_FAMILY = "1,2";
			};
			name = Debug;
		};
		A829B7AB1528B74900EB2F8B /* Release */ = {
			isa = XCBuildConfiguration;
			buildSettings = {
				ALWAYS_SEARCH_USER_PATHS = NO;
				ARCHS = "$(ARCHS_STANDARD_32_BIT)";
				CLANG_ENABLE_OBJC_ARC = YES;
				"CODE_SIGN_IDENTITY[sdk=iphoneos*]" = "iPhone Developer";
				COPY_PHASE_STRIP = YES;
				GCC_C_LANGUAGE_STANDARD = gnu99;
				GCC_VERSION = com.apple.compilers.llvm.clang.1_0;
				GCC_WARN_ABOUT_RETURN_TYPE = YES;
				GCC_WARN_UNINITIALIZED_AUTOS = YES;
				GCC_WARN_UNUSED_VARIABLE = YES;
				IPHONEOS_DEPLOYMENT_TARGET = 5.1;
				OTHER_CFLAGS = "-DNS_BLOCK_ASSERTIONS=1";
				SDKROOT = iphoneos;
				TARGETED_DEVICE_FAMILY = "1,2";
				VALIDATE_PRODUCT = YES;
			};
			name = Release;
		};
		A829B7AD1528B74900EB2F8B /* Debug */ = {
			isa = XCBuildConfiguration;
			buildSettings = {
				GCC_PRECOMPILE_PREFIX_HEADER = YES;
				GCC_PREFIX_HEADER = "TNEF Reader/TNEF Reader-Prefix.pch";
				INFOPLIST_FILE = "TNEF Reader/TNEF Reader-Info.plist";
				PRODUCT_NAME = "$(TARGET_NAME)";
				WRAPPER_EXTENSION = app;
			};
			name = Debug;
		};
		A829B7AE1528B74900EB2F8B /* Release */ = {
			isa = XCBuildConfiguration;
			buildSettings = {
				GCC_PRECOMPILE_PREFIX_HEADER = YES;
				GCC_PREFIX_HEADER = "TNEF Reader/TNEF Reader-Prefix.pch";
				INFOPLIST_FILE = "TNEF Reader/TNEF Reader-Info.plist";
				PRODUCT_NAME = "$(TARGET_NAME)";
				WRAPPER_EXTENSION = app;
			};
			name = Release;
		};
/* End XCBuildConfiguration section */

/* Begin XCConfigurationList section */
		A829B7821528B74800EB2F8B /* Build configuration list for PBXProject "TNEF Reader" */ = {
			isa = XCConfigurationList;
			buildConfigurations = (
				A829B7AA1528B74900EB2F8B /* Debug */,
				A829B7AB1528B74900EB2F8B /* Release */,
			);
			defaultConfigurationIsVisible = 0;
			defaultConfigurationName = Release;
		};
		A829B7AC1528B74900EB2F8B /* Build configuration list for PBXNativeTarget "TNEF Reader" */ = {
			isa = XCConfigurationList;
			buildConfigurations = (
				A829B7AD1528B74900EB2F8B /* Debug */,
				A829B7AE1528B74900EB2F8B /* Release */,
			);
			defaultConfigurationIsVisible = 0;
			defaultConfigurationName = Release;
		};
/* End XCConfigurationList section */
	};
	rootObject = A829B77F1528B74800EB2F8B /* Project object */;
}
